
Microsoft Visual Studio Solution File, Format Version 12.00
# Visual Studio Version 16
VisualStudioVersion = 16.0.30709.132
MinimumVisualStudioVersion = 15.0.26124.0
Project("{9A19103F-16F7-4668-BE54-9A1E7A4F7556}") = "teque", "teque\teque.csproj", "{DA83D50A-A23D-4DDA-B8B9-4BA2C8E7678E}"
EndProject
Project("{9A19103F-16F7-4668-BE54-9A1E7A4F7556}") = "platforme", "platforme\platforme.csproj", "{3E95C5A9-A46A-4D97-82E1-BE34404DD5A6}"
EndProject
Project("{9A19103F-16F7-4668-BE54-9A1E7A4F7556}") = "pointinpolygon", "pointinpolygon\pointinpolygon.csproj", "{499C7389-469C-4A98-8948-D313147F1A3F}"
EndProject
Global
	GlobalSection(SolutionConfigurationPlatforms) = preSolution
		Debug|Any CPU = Debug|Any CPU
		Debug|x64 = Debug|x64
		Debug|x86 = Debug|x86
		Release|Any CPU = Release|Any CPU
		Release|x64 = Release|x64
		Release|x86 = Release|x86
	EndGlobalSection
	GlobalSection(ProjectConfigurationPlatforms) = postSolution
		{DA83D50A-A23D-4DDA-B8B9-4BA2C8E7678E}.Debug|Any CPU.ActiveCfg = Debug|Any CPU
		{DA83D50A-A23D-4DDA-B8B9-4BA2C8E7678E}.Debug|Any CPU.Build.0 = Debug|Any CPU
		{DA83D50A-A23D-4DDA-B8B9-4BA2C8E7678E}.Debug|x64.ActiveCfg = Debug|Any CPU
		{DA83D50A-A23D-4DDA-B8B9-4BA2C8E7678E}.Debug|x64.Build.0 = Debug|Any CPU
		{DA83D50A-A23D-4DDA-B8B9-4BA2C8E7678E}.Debug|x86.ActiveCfg = Debug|Any CPU
		{DA83D50A-A23D-4DDA-B8B9-4BA2C8E7678E}.Debug|x86.Build.0 = Debug|Any CPU
		{DA83D50A-A23D-4DDA-B8B9-4BA2C8E7678E}.Release|Any CPU.ActiveCfg = Release|Any CPU
		{DA83D50A-A23D-4DDA-B8B9-4BA2C8E7678E}.Release|Any CPU.Build.0 = Release|Any CPU
		{DA83D50A-A23D-4DDA-B8B9-4BA2C8E7678E}.Release|x64.ActiveCfg = Release|Any CPU
		{DA83D50A-A23D-4DDA-B8B9-4BA2C8E7678E}.Release|x64.Build.0 = Release|Any CPU
		{DA83D50A-A23D-4DDA-B8B9-4BA2C8E7678E}.Release|x86.ActiveCfg = Release|Any CPU
		{DA83D50A-A23D-4DDA-B8B9-4BA2C8E7678E}.Release|x86.Build.0 = Release|Any CPU
		{3E95C5A9-A46A-4D97-82E1-BE34404DD5A6}.Debug|Any CPU.ActiveCfg = Debug|Any CPU
		{3E95C5A9-A46A-4D97-82E1-BE34404DD5A6}.Debug|Any CPU.Build.0 = Debug|Any CPU
		{3E95C5A9-A46A-4D97-82E1-BE34404DD5A6}.Debug|x64.ActiveCfg = Debug|Any CPU
		{3E95C5A9-A46A-4D97-82E1-BE34404DD5A6}.Debug|x64.Build.0 = Debug|Any CPU
		{3E95C5A9-A46A-4D97-82E1-BE34404DD5A6}.Debug|x86.ActiveCfg = Debug|Any CPU
		{3E95C5A9-A46A-4D97-82E1-BE34404DD5A6}.Debug|x86.Build.0 = Debug|Any CPU
		{3E95C5A9-A46A-4D97-82E1-BE34404DD5A6}.Release|Any CPU.ActiveCfg = Release|Any CPU
		{3E95C5A9-A46A-4D97-82E1-BE34404DD5A6}.Release|Any CPU.Build.0 = Release|Any CPU
		{3E95C5A9-A46A-4D97-82E1-BE34404DD5A6}.Release|x64.ActiveCfg = Release|Any CPU
		{3E95C5A9-A46A-4D97-82E1-BE34404DD5A6}.Release|x64.Build.0 = Release|Any CPU
		{3E95C5A9-A46A-4D97-82E1-BE34404DD5A6}.Release|x86.ActiveCfg = Release|Any CPU
		{3E95C5A9-A46A-4D97-82E1-BE34404DD5A6}.Release|x86.Build.0 = Release|Any CPU
		{499C7389-469C-4A98-8948-D313147F1A3F}.Debug|Any CPU.ActiveCfg = Debug|Any CPU
		{499C7389-469C-4A98-8948-D313147F1A3F}.Debug|Any CPU.Build.0 = Debug|Any CPU
		{499C7389-469C-4A98-8948-D313147F1A3F}.Debug|x64.ActiveCfg = Debug|Any CPU
		{499C7389-469C-4A98-8948-D313147F1A3F}.Debug|x64.Build.0 = Debug|Any CPU
		{499C7389-469C-4A98-8948-D313147F1A3F}.Debug|x86.ActiveCfg = Debug|Any CPU
		{499C7389-469C-4A98-8948-D313147F1A3F}.Debug|x86.Build.0 = Debug|Any CPU
		{499C7389-469C-4A98-8948-D313147F1A3F}.Release|Any CPU.ActiveCfg = Release|Any CPU
		{499C7389-469C-4A98-8948-D313147F1A3F}.Release|Any CPU.Build.0 = Release|Any CPU
		{499C7389-469C-4A98-8948-D313147F1A3F}.Release|x64.ActiveCfg = Release|Any CPU
		{499C7389-469C-4A98-8948-D313147F1A3F}.Release|x64.Build.0 = Release|Any CPU
		{499C7389-469C-4A98-8948-D313147F1A3F}.Release|x86.ActiveCfg = Release|Any CPU
		{499C7389-469C-4A98-8948-D313147F1A3F}.Release|x86.Build.0 = Release|Any CPU
	EndGlobalSection
	GlobalSection(SolutionProperties) = preSolution
		HideSolutionNode = FALSE
	EndGlobalSection
	GlobalSection(ExtensibilityGlobals) = postSolution
		SolutionGuid = {2E042692-954E-49E7-9769-BF740DE01AEB}
	EndGlobalSection
EndGlobal
